// !$*UTF8*$!
{
	archiveVersion = 1;
	classes = {
	};
	objectVersion = 46;
	objects = {

/* Begin PBXBuildFile section */
		0D23CE7A1861B1880070C068 /* background.png in Resources */ = {isa = PBXBuildFile; fileRef = 0D23CE791861B1880070C068 /* background.png */; };
		0D3DC2E6185F286600FC44F0 /* Foundation.framework in Frameworks */ = {isa = PBXBuildFile; fileRef = 0D3DC2E5185F286600FC44F0 /* Foundation.framework */; };
		0D3DC2E8185F286600FC44F0 /* CoreGraphics.framework in Frameworks */ = {isa = PBXBuildFile; fileRef = 0D3DC2E7185F286600FC44F0 /* CoreGraphics.framework */; };
		0D3DC2EA185F286600FC44F0 /* UIKit.framework in Frameworks */ = {isa = PBXBuildFile; fileRef = 0D3DC2E9185F286600FC44F0 /* UIKit.framework */; };
		0D3DC2F0185F286600FC44F0 /* InfoPlist.strings in Resources */ = {isa = PBXBuildFile; fileRef = 0D3DC2EE185F286600FC44F0 /* InfoPlist.strings */; };
		0D3DC2F2185F286600FC44F0 /* main.m in Sources */ = {isa = PBXBuildFile; fileRef = 0D3DC2F1185F286600FC44F0 /* main.m */; };
		0D3DC2F6185F286600FC44F0 /* AppDelegate.m in Sources */ = {isa = PBXBuildFile; fileRef = 0D3DC2F5185F286600FC44F0 /* AppDelegate.m */; };
		0D3DC2F9185F286600FC44F0 /* Main.storyboard in Resources */ = {isa = PBXBuildFile; fileRef = 0D3DC2F7185F286600FC44F0 /* Main.storyboard */; };
		0D3DC2FC185F286600FC44F0 /* MenuViewController.m in Sources */ = {isa = PBXBuildFile; fileRef = 0D3DC2FB185F286600FC44F0 /* MenuViewController.m */; };
		0D3DC2FE185F286600FC44F0 /* Images.xcassets in Resources */ = {isa = PBXBuildFile; fileRef = 0D3DC2FD185F286600FC44F0 /* Images.xcassets */; };
		0D3DC305185F286600FC44F0 /* XCTest.framework in Frameworks */ = {isa = PBXBuildFile; fileRef = 0D3DC304185F286600FC44F0 /* XCTest.framework */; };
		0D3DC306185F286600FC44F0 /* Foundation.framework in Frameworks */ = {isa = PBXBuildFile; fileRef = 0D3DC2E5185F286600FC44F0 /* Foundation.framework */; };
		0D3DC307185F286600FC44F0 /* UIKit.framework in Frameworks */ = {isa = PBXBuildFile; fileRef = 0D3DC2E9185F286600FC44F0 /* UIKit.framework */; };
		0D3DC30F185F286600FC44F0 /* InfoPlist.strings in Resources */ = {isa = PBXBuildFile; fileRef = 0D3DC30D185F286600FC44F0 /* InfoPlist.strings */; };
		0D3DC311185F286600FC44F0 /* MapClusterFMITests.m in Sources */ = {isa = PBXBuildFile; fileRef = 0D3DC310185F286600FC44F0 /* MapClusterFMITests.m */; };
		0D4F2CCC186EFF6F0011B656 /* CoreDataManager.m in Sources */ = {isa = PBXBuildFile; fileRef = 0D4F2CCB186EFF6F0011B656 /* CoreDataManager.m */; };
		0D4F2CCE186F00040011B656 /* CoreData.framework in Frameworks */ = {isa = PBXBuildFile; fileRef = 0D4F2CCD186F00040011B656 /* CoreData.framework */; };
		0D4F2CD1186F00EC0011B656 /* FindThemModel.xcdatamodeld in Sources */ = {isa = PBXBuildFile; fileRef = 0D4F2CCF186F00EC0011B656 /* FindThemModel.xcdatamodeld */; };
		0D9937A11890A3BD0067358D /* MapObject.m in Sources */ = {isa = PBXBuildFile; fileRef = 0D9937A01890A3BD0067358D /* MapObject.m */; };
		0DB0CE631861B57B00807126 /* bckg.png in Resources */ = {isa = PBXBuildFile; fileRef = 0DB0CE611861B57B00807126 /* bckg.png */; };
		0DB0CE661861B6A000807126 /* logo.png in Resources */ = {isa = PBXBuildFile; fileRef = 0DB0CE651861B6A000807126 /* logo.png */; };
		0DB0CE681861B85F00807126 /* swipe_right.png in Resources */ = {isa = PBXBuildFile; fileRef = 0DB0CE671861B85F00807126 /* swipe_right.png */; };
		0DB0CE6A1861B89000807126 /* swipe_left.png in Resources */ = {isa = PBXBuildFile; fileRef = 0DB0CE691861B89000807126 /* swipe_left.png */; };
		0DC14F8F1890D0F900C5D47F /* arr.png in Resources */ = {isa = PBXBuildFile; fileRef = 0DC14F8E1890D0F900C5D47F /* arr.png */; };
		A4099D8F188FD61F00E297BB /* FMIClusterObject.m in Sources */ = {isa = PBXBuildFile; fileRef = A4099D88188FD61F00E297BB /* FMIClusterObject.m */; };
		A4099D90188FD61F00E297BB /* FMIGeographicBounds.m in Sources */ = {isa = PBXBuildFile; fileRef = A4099D8A188FD61F00E297BB /* FMIGeographicBounds.m */; };
		A4099D92188FD61F00E297BB /* FMIClusterManager.m in Sources */ = {isa = PBXBuildFile; fileRef = A4099D8E188FD61F00E297BB /* FMIClusterManager.m */; };
		A4099D94188FD6FB00E297BB /* Points.plist in Resources */ = {isa = PBXBuildFile; fileRef = A4099D93188FD6FB00E297BB /* Points.plist */; };
		A4099D99188FF6F700E297BB /* FMIMarker.m in Sources */ = {isa = PBXBuildFile; fileRef = A4099D98188FF6F700E297BB /* FMIMarker.m */; };
		A4B682201861BFE100E51708 /* MapKit.framework in Frameworks */ = {isa = PBXBuildFile; fileRef = A4B6821F1861BFE100E51708 /* MapKit.framework */; };
		A4B682221861BFF300E51708 /* CoreLocation.framework in Frameworks */ = {isa = PBXBuildFile; fileRef = A4B682211861BFF300E51708 /* CoreLocation.framework */; };
		A4F414EA188AB42400AFF489 /* Cafe.png in Resources */ = {isa = PBXBuildFile; fileRef = A4F414DE188AB42400AFF489 /* Cafe.png */; };
		A4F414EB188AB42400AFF489 /* Cafe@2x.png in Resources */ = {isa = PBXBuildFile; fileRef = A4F414DF188AB42400AFF489 /* Cafe@2x.png */; };
		A4F414EC188AB42400AFF489 /* Cafes.png in Resources */ = {isa = PBXBuildFile; fileRef = A4F414E0188AB42400AFF489 /* Cafes.png */; };
		A4F414ED188AB42400AFF489 /* Cafes@2x.png in Resources */ = {isa = PBXBuildFile; fileRef = A4F414E1188AB42400AFF489 /* Cafes@2x.png */; };
		A4F414EE188AB42400AFF489 /* Restaurant.png in Resources */ = {isa = PBXBuildFile; fileRef = A4F414E2188AB42400AFF489 /* Restaurant.png */; };
		A4F414EF188AB42400AFF489 /* Restaurant@2x.png in Resources */ = {isa = PBXBuildFile; fileRef = A4F414E3188AB42400AFF489 /* Restaurant@2x.png */; };
		A4F414F0188AB42400AFF489 /* Restaurants.png in Resources */ = {isa = PBXBuildFile; fileRef = A4F414E4188AB42400AFF489 /* Restaurants.png */; };
		A4F414F1188AB42400AFF489 /* Restaurants@2x.png in Resources */ = {isa = PBXBuildFile; fileRef = A4F414E5188AB42400AFF489 /* Restaurants@2x.png */; };
		A4F414F2188AB42400AFF489 /* Parks@2x.png in Resources */ = {isa = PBXBuildFile; fileRef = A4F414E6188AB42400AFF489 /* Parks@2x.png */; };
		A4F414F3188AB42400AFF489 /* Park.png in Resources */ = {isa = PBXBuildFile; fileRef = A4F414E7188AB42400AFF489 /* Park.png */; };
		A4F414F4188AB42400AFF489 /* Park@2x.png in Resources */ = {isa = PBXBuildFile; fileRef = A4F414E8188AB42400AFF489 /* Park@2x.png */; };
		A4F414F5188AB42400AFF489 /* Parks.png in Resources */ = {isa = PBXBuildFile; fileRef = A4F414E9188AB42400AFF489 /* Parks.png */; };
		A4F414F8188AC61900AFF489 /* regular.png in Resources */ = {isa = PBXBuildFile; fileRef = A4F414F6188AC61900AFF489 /* regular.png */; };
		A4F414F9188AC61900AFF489 /* regular@2x.png in Resources */ = {isa = PBXBuildFile; fileRef = A4F414F7188AC61900AFF489 /* regular@2x.png */; };
		A4F414FF188AF4FF00AFF489 /* MapViewController.m in Sources */ = {isa = PBXBuildFile; fileRef = A4F414FE188AF4FF00AFF489 /* MapViewController.m */; };
/* End PBXBuildFile section */

/* Begin PBXContainerItemProxy section */
		0D3DC308185F286600FC44F0 /* PBXContainerItemProxy */ = {
			isa = PBXContainerItemProxy;
			containerPortal = 0D3DC2DA185F286600FC44F0 /* Project object */;
			proxyType = 1;
			remoteGlobalIDString = 0D3DC2E1185F286600FC44F0;
			remoteInfo = MapClusterFMI;
		};
/* End PBXContainerItemProxy section */

/* Begin PBXFileReference section */
		0D23CE791861B1880070C068 /* background.png */ = {isa = PBXFileReference; lastKnownFileType = image.png; path = background.png; sourceTree = "<group>"; };
		0D3DC2E2185F286600FC44F0 /* MapClusterFMI.app */ = {isa = PBXFileReference; explicitFileType = wrapper.application; includeInIndex = 0; path = MapClusterFMI.app; sourceTree = BUILT_PRODUCTS_DIR; };
		0D3DC2E5185F286600FC44F0 /* Foundation.framework */ = {isa = PBXFileReference; lastKnownFileType = wrapper.framework; name = Foundation.framework; path = System/Library/Frameworks/Foundation.framework; sourceTree = SDKROOT; };
		0D3DC2E7185F286600FC44F0 /* CoreGraphics.framework */ = {isa = PBXFileReference; lastKnownFileType = wrapper.framework; name = CoreGraphics.framework; path = System/Library/Frameworks/CoreGraphics.framework; sourceTree = SDKROOT; };
		0D3DC2E9185F286600FC44F0 /* UIKit.framework */ = {isa = PBXFileReference; lastKnownFileType = wrapper.framework; name = UIKit.framework; path = System/Library/Frameworks/UIKit.framework; sourceTree = SDKROOT; };
		0D3DC2ED185F286600FC44F0 /* MapClusterFMI-Info.plist */ = {isa = PBXFileReference; lastKnownFileType = text.plist.xml; path = "MapClusterFMI-Info.plist"; sourceTree = "<group>"; };
		0D3DC2EF185F286600FC44F0 /* en */ = {isa = PBXFileReference; lastKnownFileType = text.plist.strings; name = en; path = en.lproj/InfoPlist.strings; sourceTree = "<group>"; };
		0D3DC2F1185F286600FC44F0 /* main.m */ = {isa = PBXFileReference; lastKnownFileType = sourcecode.c.objc; path = main.m; sourceTree = "<group>"; };
		0D3DC2F3185F286600FC44F0 /* MapClusterFMI-Prefix.pch */ = {isa = PBXFileReference; lastKnownFileType = sourcecode.c.h; path = "MapClusterFMI-Prefix.pch"; sourceTree = "<group>"; };
		0D3DC2F4185F286600FC44F0 /* AppDelegate.h */ = {isa = PBXFileReference; lastKnownFileType = sourcecode.c.h; path = AppDelegate.h; sourceTree = "<group>"; };
		0D3DC2F5185F286600FC44F0 /* AppDelegate.m */ = {isa = PBXFileReference; lastKnownFileType = sourcecode.c.objc; path = AppDelegate.m; sourceTree = "<group>"; };
		0D3DC2F8185F286600FC44F0 /* Base */ = {isa = PBXFileReference; lastKnownFileType = file.storyboard; name = Base; path = Base.lproj/Main.storyboard; sourceTree = "<group>"; };
		0D3DC2FA185F286600FC44F0 /* MenuViewController.h */ = {isa = PBXFileReference; lastKnownFileType = sourcecode.c.h; path = MenuViewController.h; sourceTree = "<group>"; };
		0D3DC2FB185F286600FC44F0 /* MenuViewController.m */ = {isa = PBXFileReference; lastKnownFileType = sourcecode.c.objc; path = MenuViewController.m; sourceTree = "<group>"; };
		0D3DC2FD185F286600FC44F0 /* Images.xcassets */ = {isa = PBXFileReference; lastKnownFileType = folder.assetcatalog; path = Images.xcassets; sourceTree = "<group>"; };
		0D3DC303185F286600FC44F0 /* MapClusterFMITests.xctest */ = {isa = PBXFileReference; explicitFileType = wrapper.cfbundle; includeInIndex = 0; path = MapClusterFMITests.xctest; sourceTree = BUILT_PRODUCTS_DIR; };
		0D3DC304185F286600FC44F0 /* XCTest.framework */ = {isa = PBXFileReference; lastKnownFileType = wrapper.framework; name = XCTest.framework; path = Library/Frameworks/XCTest.framework; sourceTree = DEVELOPER_DIR; };
		0D3DC30C185F286600FC44F0 /* MapClusterFMITests-Info.plist */ = {isa = PBXFileReference; lastKnownFileType = text.plist.xml; path = "MapClusterFMITests-Info.plist"; sourceTree = "<group>"; };
		0D3DC30E185F286600FC44F0 /* en */ = {isa = PBXFileReference; lastKnownFileType = text.plist.strings; name = en; path = en.lproj/InfoPlist.strings; sourceTree = "<group>"; };
		0D3DC310185F286600FC44F0 /* MapClusterFMITests.m */ = {isa = PBXFileReference; lastKnownFileType = sourcecode.c.objc; path = MapClusterFMITests.m; sourceTree = "<group>"; };
		0D4F2CCA186EFF6F0011B656 /* CoreDataManager.h */ = {isa = PBXFileReference; fileEncoding = 4; lastKnownFileType = sourcecode.c.h; path = CoreDataManager.h; sourceTree = "<group>"; };
		0D4F2CCB186EFF6F0011B656 /* CoreDataManager.m */ = {isa = PBXFileReference; fileEncoding = 4; lastKnownFileType = sourcecode.c.objc; path = CoreDataManager.m; sourceTree = "<group>"; };
		0D4F2CCD186F00040011B656 /* CoreData.framework */ = {isa = PBXFileReference; lastKnownFileType = wrapper.framework; name = CoreData.framework; path = System/Library/Frameworks/CoreData.framework; sourceTree = SDKROOT; };
		0D4F2CD0186F00EC0011B656 /* FindThemModel.xcdatamodel */ = {isa = PBXFileReference; lastKnownFileType = wrapper.xcdatamodel; path = FindThemModel.xcdatamodel; sourceTree = "<group>"; };
		0D99379F1890A3BD0067358D /* MapObject.h */ = {isa = PBXFileReference; fileEncoding = 4; lastKnownFileType = sourcecode.c.h; path = MapObject.h; sourceTree = "<group>"; };
		0D9937A01890A3BD0067358D /* MapObject.m */ = {isa = PBXFileReference; fileEncoding = 4; lastKnownFileType = sourcecode.c.objc; path = MapObject.m; sourceTree = "<group>"; };
		0DB0CE611861B57B00807126 /* bckg.png */ = {isa = PBXFileReference; lastKnownFileType = image.png; path = bckg.png; sourceTree = "<group>"; };
		0DB0CE651861B6A000807126 /* logo.png */ = {isa = PBXFileReference; lastKnownFileType = image.png; path = logo.png; sourceTree = "<group>"; };
		0DB0CE671861B85F00807126 /* swipe_right.png */ = {isa = PBXFileReference; lastKnownFileType = image.png; path = swipe_right.png; sourceTree = "<group>"; };
		0DB0CE691861B89000807126 /* swipe_left.png */ = {isa = PBXFileReference; lastKnownFileType = image.png; path = swipe_left.png; sourceTree = "<group>"; };
		0DC14F8E1890D0F900C5D47F /* arr.png */ = {isa = PBXFileReference; lastKnownFileType = image.png; path = arr.png; sourceTree = "<group>"; };
		A4099D87188FD61F00E297BB /* FMIClusterObject.h */ = {isa = PBXFileReference; fileEncoding = 4; lastKnownFileType = sourcecode.c.h; path = FMIClusterObject.h; sourceTree = "<group>"; };
		A4099D88188FD61F00E297BB /* FMIClusterObject.m */ = {isa = PBXFileReference; fileEncoding = 4; lastKnownFileType = sourcecode.c.objc; path = FMIClusterObject.m; sourceTree = "<group>"; };
		A4099D89188FD61F00E297BB /* FMIGeographicBounds.h */ = {isa = PBXFileReference; fileEncoding = 4; lastKnownFileType = sourcecode.c.h; path = FMIGeographicBounds.h; sourceTree = "<group>"; };
		A4099D8A188FD61F00E297BB /* FMIGeographicBounds.m */ = {isa = PBXFileReference; fileEncoding = 4; lastKnownFileType = sourcecode.c.objc; path = FMIGeographicBounds.m; sourceTree = "<group>"; };
		A4099D8B188FD61F00E297BB /* FMIMarker.h */ = {isa = PBXFileReference; fileEncoding = 4; lastKnownFileType = sourcecode.c.h; path = FMIMarker.h; sourceTree = "<group>"; };
		A4099D8D188FD61F00E297BB /* FMIClusterManager.h */ = {isa = PBXFileReference; fileEncoding = 4; lastKnownFileType = sourcecode.c.h; path = FMIClusterManager.h; sourceTree = "<group>"; };
		A4099D8E188FD61F00E297BB /* FMIClusterManager.m */ = {isa = PBXFileReference; fileEncoding = 4; lastKnownFileType = sourcecode.c.objc; path = FMIClusterManager.m; sourceTree = "<group>"; };
		A4099D93188FD6FB00E297BB /* Points.plist */ = {isa = PBXFileReference; fileEncoding = 4; lastKnownFileType = text.plist.xml; path = Points.plist; sourceTree = "<group>"; };
		A4099D98188FF6F700E297BB /* FMIMarker.m */ = {isa = PBXFileReference; fileEncoding = 4; lastKnownFileType = sourcecode.c.objc; path = FMIMarker.m; sourceTree = "<group>"; };
		A4B6821C1861BE2B00E51708 /* MapViewController.h */ = {isa = PBXFileReference; fileEncoding = 4; lastKnownFileType = sourcecode.c.h; path = MapViewController.h; sourceTree = "<group>"; };
		A4B6821F1861BFE100E51708 /* MapKit.framework */ = {isa = PBXFileReference; lastKnownFileType = wrapper.framework; name = MapKit.framework; path = System/Library/Frameworks/MapKit.framework; sourceTree = SDKROOT; };
		A4B682211861BFF300E51708 /* CoreLocation.framework */ = {isa = PBXFileReference; lastKnownFileType = wrapper.framework; name = CoreLocation.framework; path = System/Library/Frameworks/CoreLocation.framework; sourceTree = SDKROOT; };
		A4F414DE188AB42400AFF489 /* Cafe.png */ = {isa = PBXFileReference; lastKnownFileType = image.png; path = Cafe.png; sourceTree = "<group>"; };
		A4F414DF188AB42400AFF489 /* Cafe@2x.png */ = {isa = PBXFileReference; lastKnownFileType = image.png; path = "Cafe@2x.png"; sourceTree = "<group>"; };
		A4F414E0188AB42400AFF489 /* Cafes.png */ = {isa = PBXFileReference; lastKnownFileType = image.png; path = Cafes.png; sourceTree = "<group>"; };
		A4F414E1188AB42400AFF489 /* Cafes@2x.png */ = {isa = PBXFileReference; lastKnownFileType = image.png; path = "Cafes@2x.png"; sourceTree = "<group>"; };
		A4F414E2188AB42400AFF489 /* Restaurant.png */ = {isa = PBXFileReference; lastKnownFileType = image.png; path = Restaurant.png; sourceTree = "<group>"; };
		A4F414E3188AB42400AFF489 /* Restaurant@2x.png */ = {isa = PBXFileReference; lastKnownFileType = image.png; path = "Restaurant@2x.png"; sourceTree = "<group>"; };
		A4F414E4188AB42400AFF489 /* Restaurants.png */ = {isa = PBXFileReference; lastKnownFileType = image.png; path = Restaurants.png; sourceTree = "<group>"; };
		A4F414E5188AB42400AFF489 /* Restaurants@2x.png */ = {isa = PBXFileReference; lastKnownFileType = image.png; path = "Restaurants@2x.png"; sourceTree = "<group>"; };
		A4F414E6188AB42400AFF489 /* Parks@2x.png */ = {isa = PBXFileReference; lastKnownFileType = image.png; path = "Parks@2x.png"; sourceTree = "<group>"; };
		A4F414E7188AB42400AFF489 /* Park.png */ = {isa = PBXFileReference; lastKnownFileType = image.png; path = Park.png; sourceTree = "<group>"; };
		A4F414E8188AB42400AFF489 /* Park@2x.png */ = {isa = PBXFileReference; lastKnownFileType = image.png; path = "Park@2x.png"; sourceTree = "<group>"; };
		A4F414E9188AB42400AFF489 /* Parks.png */ = {isa = PBXFileReference; lastKnownFileType = image.png; path = Parks.png; sourceTree = "<group>"; };
		A4F414F6188AC61900AFF489 /* regular.png */ = {isa = PBXFileReference; lastKnownFileType = image.png; path = regular.png; sourceTree = "<group>"; };
		A4F414F7188AC61900AFF489 /* regular@2x.png */ = {isa = PBXFileReference; lastKnownFileType = image.png; path = "regular@2x.png"; sourceTree = "<group>"; };
		A4F414FE188AF4FF00AFF489 /* MapViewController.m */ = {isa = PBXFileReference; fileEncoding = 4; lastKnownFileType = sourcecode.c.objc; path = MapViewController.m; sourceTree = "<group>"; };
/* End PBXFileReference section */

/* Begin PBXFrameworksBuildPhase section */
		0D3DC2DF185F286600FC44F0 /* Frameworks */ = {
			isa = PBXFrameworksBuildPhase;
			buildActionMask = 2147483647;
			files = (
				0D4F2CCE186F00040011B656 /* CoreData.framework in Frameworks */,
				A4B682221861BFF300E51708 /* CoreLocation.framework in Frameworks */,
				A4B682201861BFE100E51708 /* MapKit.framework in Frameworks */,
				0D3DC2E8185F286600FC44F0 /* CoreGraphics.framework in Frameworks */,
				0D3DC2EA185F286600FC44F0 /* UIKit.framework in Frameworks */,
				0D3DC2E6185F286600FC44F0 /* Foundation.framework in Frameworks */,
			);
			runOnlyForDeploymentPostprocessing = 0;
		};
		0D3DC300185F286600FC44F0 /* Frameworks */ = {
			isa = PBXFrameworksBuildPhase;
			buildActionMask = 2147483647;
			files = (
				0D3DC305185F286600FC44F0 /* XCTest.framework in Frameworks */,
				0D3DC307185F286600FC44F0 /* UIKit.framework in Frameworks */,
				0D3DC306185F286600FC44F0 /* Foundation.framework in Frameworks */,
			);
			runOnlyForDeploymentPostprocessing = 0;
		};
/* End PBXFrameworksBuildPhase section */

/* Begin PBXGroup section */
		0D23CE781861B1770070C068 /* Resources */ = {
			isa = PBXGroup;
			children = (
				0DC14F8E1890D0F900C5D47F /* arr.png */,
				A4F414DD188AB42400AFF489 /* Images - pins */,
				0DB0CE691861B89000807126 /* swipe_left.png */,
				0DB0CE671861B85F00807126 /* swipe_right.png */,
				0DB0CE651861B6A000807126 /* logo.png */,
				0DB0CE611861B57B00807126 /* bckg.png */,
				0D23CE791861B1880070C068 /* background.png */,
			);
			name = Resources;
			sourceTree = "<group>";
		};
		0D3DC2D9185F286600FC44F0 = {
			isa = PBXGroup;
			children = (
				0D3DC2EB185F286600FC44F0 /* MapClusterFMI */,
				0D3DC30A185F286600FC44F0 /* MapClusterFMITests */,
				0D3DC2E4185F286600FC44F0 /* Frameworks */,
				0D3DC2E3185F286600FC44F0 /* Products */,
			);
			sourceTree = "<group>";
		};
		0D3DC2E3185F286600FC44F0 /* Products */ = {
			isa = PBXGroup;
			children = (
				0D3DC2E2185F286600FC44F0 /* MapClusterFMI.app */,
				0D3DC303185F286600FC44F0 /* MapClusterFMITests.xctest */,
			);
			name = Products;
			sourceTree = "<group>";
		};
		0D3DC2E4185F286600FC44F0 /* Frameworks */ = {
			isa = PBXGroup;
			children = (
				0D4F2CCD186F00040011B656 /* CoreData.framework */,
				A4B682211861BFF300E51708 /* CoreLocation.framework */,
				A4B6821F1861BFE100E51708 /* MapKit.framework */,
				0D3DC2E5185F286600FC44F0 /* Foundation.framework */,
				0D3DC2E7185F286600FC44F0 /* CoreGraphics.framework */,
				0D3DC2E9185F286600FC44F0 /* UIKit.framework */,
				0D3DC304185F286600FC44F0 /* XCTest.framework */,
			);
			name = Frameworks;
			sourceTree = "<group>";
		};
		0D3DC2EB185F286600FC44F0 /* MapClusterFMI */ = {
			isa = PBXGroup;
			children = (
				0DB0CE6B1861BCF700807126 /* Classes */,
				0D3DC2F4185F286600FC44F0 /* AppDelegate.h */,
				0D3DC2F5185F286600FC44F0 /* AppDelegate.m */,
				0D3DC2F7185F286600FC44F0 /* Main.storyboard */,
				0D3DC2FD185F286600FC44F0 /* Images.xcassets */,
				0D3DC2EC185F286600FC44F0 /* Supporting Files */,
			);
			path = MapClusterFMI;
			sourceTree = "<group>";
		};
		0D3DC2EC185F286600FC44F0 /* Supporting Files */ = {
			isa = PBXGroup;
			children = (
				0D23CE781861B1770070C068 /* Resources */,
				0D3DC2ED185F286600FC44F0 /* MapClusterFMI-Info.plist */,
				0D3DC2EE185F286600FC44F0 /* InfoPlist.strings */,
				0D3DC2F1185F286600FC44F0 /* main.m */,
				0D3DC2F3185F286600FC44F0 /* MapClusterFMI-Prefix.pch */,
				0D4F2CCF186F00EC0011B656 /* FindThemModel.xcdatamodeld */,
				A4099D93188FD6FB00E297BB /* Points.plist */,
			);
			name = "Supporting Files";
			sourceTree = "<group>";
		};
		0D3DC30A185F286600FC44F0 /* MapClusterFMITests */ = {
			isa = PBXGroup;
			children = (
				0D3DC310185F286600FC44F0 /* MapClusterFMITests.m */,
				0D3DC30B185F286600FC44F0 /* Supporting Files */,
			);
			path = MapClusterFMITests;
			sourceTree = "<group>";
		};
		0D3DC30B185F286600FC44F0 /* Supporting Files */ = {
			isa = PBXGroup;
			children = (
				0D3DC30C185F286600FC44F0 /* MapClusterFMITests-Info.plist */,
				0D3DC30D185F286600FC44F0 /* InfoPlist.strings */,
			);
			name = "Supporting Files";
			sourceTree = "<group>";
		};
		0DB0CE6B1861BCF700807126 /* Classes */ = {
			isa = PBXGroup;
			children = (
				0D99379F1890A3BD0067358D /* MapObject.h */,
				0D9937A01890A3BD0067358D /* MapObject.m */,
				0D4F2CCA186EFF6F0011B656 /* CoreDataManager.h */,
				0D4F2CCB186EFF6F0011B656 /* CoreDataManager.m */,
				0D3DC2FA185F286600FC44F0 /* MenuViewController.h */,
				0D3DC2FB185F286600FC44F0 /* MenuViewController.m */,
				A4B6821C1861BE2B00E51708 /* MapViewController.h */,
				A4F414FE188AF4FF00AFF489 /* MapViewController.m */,
				A44E9582187019F40055BEB9 /* Algorithm */,
			);
			name = Classes;
			sourceTree = "<group>";
		};
		A44E9582187019F40055BEB9 /* Algorithm */ = {
			isa = PBXGroup;
			children = (
				A4099D8B188FD61F00E297BB /* FMIMarker.h */,
				A4099D98188FF6F700E297BB /* FMIMarker.m */,
				A4099D89188FD61F00E297BB /* FMIGeographicBounds.h */,
				A4099D8A188FD61F00E297BB /* FMIGeographicBounds.m */,
				A4099D87188FD61F00E297BB /* FMIClusterObject.h */,
				A4099D88188FD61F00E297BB /* FMIClusterObject.m */,
				A4099D8D188FD61F00E297BB /* FMIClusterManager.h */,
				A4099D8E188FD61F00E297BB /* FMIClusterManager.m */,
			);
			name = Algorithm;
			sourceTree = "<group>";
		};
		A4F414DD188AB42400AFF489 /* Images - pins */ = {
			isa = PBXGroup;
			children = (
				A4F414DE188AB42400AFF489 /* Cafe.png */,
				A4F414DF188AB42400AFF489 /* Cafe@2x.png */,
				A4F414E0188AB42400AFF489 /* Cafes.png */,
				A4F414E1188AB42400AFF489 /* Cafes@2x.png */,
				A4F414E2188AB42400AFF489 /* Restaurant.png */,
				A4F414E3188AB42400AFF489 /* Restaurant@2x.png */,
				A4F414E4188AB42400AFF489 /* Restaurants.png */,
				A4F414E5188AB42400AFF489 /* Restaurants@2x.png */,
				A4F414E6188AB42400AFF489 /* Parks@2x.png */,
				A4F414E7188AB42400AFF489 /* Park.png */,
				A4F414E8188AB42400AFF489 /* Park@2x.png */,
				A4F414E9188AB42400AFF489 /* Parks.png */,
				A4F414F6188AC61900AFF489 /* regular.png */,
				A4F414F7188AC61900AFF489 /* regular@2x.png */,
			);
			name = "Images - pins";
			path = Images;
			sourceTree = "<group>";
		};
/* End PBXGroup section */

/* Begin PBXNativeTarget section */
		0D3DC2E1185F286600FC44F0 /* MapClusterFMI */ = {
			isa = PBXNativeTarget;
			buildConfigurationList = 0D3DC314185F286600FC44F0 /* Build configuration list for PBXNativeTarget "MapClusterFMI" */;
			buildPhases = (
				0D3DC2DE185F286600FC44F0 /* Sources */,
				0D3DC2DF185F286600FC44F0 /* Frameworks */,
				0D3DC2E0185F286600FC44F0 /* Resources */,
			);
			buildRules = (
			);
			dependencies = (
			);
			name = MapClusterFMI;
			productName = MapClusterFMI;
			productReference = 0D3DC2E2185F286600FC44F0 /* MapClusterFMI.app */;
			productType = "com.apple.product-type.application";
		};
		0D3DC302185F286600FC44F0 /* MapClusterFMITests */ = {
			isa = PBXNativeTarget;
			buildConfigurationList = 0D3DC317185F286600FC44F0 /* Build configuration list for PBXNativeTarget "MapClusterFMITests" */;
			buildPhases = (
				0D3DC2FF185F286600FC44F0 /* Sources */,
				0D3DC300185F286600FC44F0 /* Frameworks */,
				0D3DC301185F286600FC44F0 /* Resources */,
			);
			buildRules = (
			);
			dependencies = (
				0D3DC309185F286600FC44F0 /* PBXTargetDependency */,
			);
			name = MapClusterFMITests;
			productName = MapClusterFMITests;
			productReference = 0D3DC303185F286600FC44F0 /* MapClusterFMITests.xctest */;
			productType = "com.apple.product-type.bundle.unit-test";
		};
/* End PBXNativeTarget section */

/* Begin PBXProject section */
		0D3DC2DA185F286600FC44F0 /* Project object */ = {
			isa = PBXProject;
			attributes = {
				LastUpgradeCheck = 0500;
				ORGANIZATIONNAME = "FMI Project";
				TargetAttributes = {
					0D3DC302185F286600FC44F0 = {
						TestTargetID = 0D3DC2E1185F286600FC44F0;
					};
				};
			};
			buildConfigurationList = 0D3DC2DD185F286600FC44F0 /* Build configuration list for PBXProject "MapClusterFMI" */;
			compatibilityVersion = "Xcode 3.2";
			developmentRegion = English;
			hasScannedForEncodings = 0;
			knownRegions = (
				en,
				Base,
			);
			mainGroup = 0D3DC2D9185F286600FC44F0;
			productRefGroup = 0D3DC2E3185F286600FC44F0 /* Products */;
			projectDirPath = "";
			projectRoot = "";
			targets = (
				0D3DC2E1185F286600FC44F0 /* MapClusterFMI */,
				0D3DC302185F286600FC44F0 /* MapClusterFMITests */,
			);
		};
/* End PBXProject section */

/* Begin PBXResourcesBuildPhase section */
		0D3DC2E0185F286600FC44F0 /* Resources */ = {
			isa = PBXResourcesBuildPhase;
			buildActionMask = 2147483647;
			files = (
				0DC14F8F1890D0F900C5D47F /* arr.png in Resources */,
				A4F414EC188AB42400AFF489 /* Cafes.png in Resources */,
				A4F414EE188AB42400AFF489 /* Restaurant.png in Resources */,
				A4099D94188FD6FB00E297BB /* Points.plist in Resources */,
				A4F414F0188AB42400AFF489 /* Restaurants.png in Resources */,
				0D3DC2FE185F286600FC44F0 /* Images.xcassets in Resources */,
				A4F414EF188AB42400AFF489 /* Restaurant@2x.png in Resources */,
				A4F414F9188AC61900AFF489 /* regular@2x.png in Resources */,
				0DB0CE631861B57B00807126 /* bckg.png in Resources */,
				A4F414F8188AC61900AFF489 /* regular.png in Resources */,
				A4F414F2188AB42400AFF489 /* Parks@2x.png in Resources */,
				0DB0CE661861B6A000807126 /* logo.png in Resources */,
				0DB0CE6A1861B89000807126 /* swipe_left.png in Resources */,
				A4F414EB188AB42400AFF489 /* Cafe@2x.png in Resources */,
				A4F414ED188AB42400AFF489 /* Cafes@2x.png in Resources */,
				A4F414F5188AB42400AFF489 /* Parks.png in Resources */,
				A4F414F3188AB42400AFF489 /* Park.png in Resources */,
				A4F414EA188AB42400AFF489 /* Cafe.png in Resources */,
				0D23CE7A1861B1880070C068 /* background.png in Resources */,
				0D3DC2F0185F286600FC44F0 /* InfoPlist.strings in Resources */,
				A4F414F1188AB42400AFF489 /* Restaurants@2x.png in Resources */,
				A4F414F4188AB42400AFF489 /* Park@2x.png in Resources */,
				0DB0CE681861B85F00807126 /* swipe_right.png in Resources */,
				0D3DC2F9185F286600FC44F0 /* Main.storyboard in Resources */,
			);
			runOnlyForDeploymentPostprocessing = 0;
		};
		0D3DC301185F286600FC44F0 /* Resources */ = {
			isa = PBXResourcesBuildPhase;
			buildActionMask = 2147483647;
			files = (
				0D3DC30F185F286600FC44F0 /* InfoPlist.strings in Resources */,
			);
			runOnlyForDeploymentPostprocessing = 0;
		};
/* End PBXResourcesBuildPhase section */

/* Begin PBXSourcesBuildPhase section */
		0D3DC2DE185F286600FC44F0 /* Sources */ = {
			isa = PBXSourcesBuildPhase;
			buildActionMask = 2147483647;
			files = (
				A4099D92188FD61F00E297BB /* FMIClusterManager.m in Sources */,
				0D4F2CCC186EFF6F0011B656 /* CoreDataManager.m in Sources */,
				0D3DC2FC185F286600FC44F0 /* MenuViewController.m in Sources */,
				A4099D99188FF6F700E297BB /* FMIMarker.m in Sources */,
				0D3DC2F6185F286600FC44F0 /* AppDelegate.m in Sources */,
				A4099D90188FD61F00E297BB /* FMIGeographicBounds.m in Sources */,
				0D9937A11890A3BD0067358D /* MapObject.m in Sources */,
				A4099D8F188FD61F00E297BB /* FMIClusterObject.m in Sources */,
				0D4F2CD1186F00EC0011B656 /* FindThemModel.xcdatamodeld in Sources */,
				0D3DC2F2185F286600FC44F0 /* main.m in Sources */,
				A4F414FF188AF4FF00AFF489 /* MapViewController.m in Sources */,
			);
			runOnlyForDeploymentPostprocessing = 0;
		};
		0D3DC2FF185F286600FC44F0 /* Sources */ = {
			isa = PBXSourcesBuildPhase;
			buildActionMask = 2147483647;
			files = (
				0D3DC311185F286600FC44F0 /* MapClusterFMITests.m in Sources */,
			);
			runOnlyForDeploymentPostprocessing = 0;
		};
/* End PBXSourcesBuildPhase section */

/* Begin PBXTargetDependency section */
		0D3DC309185F286600FC44F0 /* PBXTargetDependency */ = {
			isa = PBXTargetDependency;
			target = 0D3DC2E1185F286600FC44F0 /* MapClusterFMI */;
			targetProxy = 0D3DC308185F286600FC44F0 /* PBXContainerItemProxy */;
		};
/* End PBXTargetDependency section */

/* Begin PBXVariantGroup section */
		0D3DC2EE185F286600FC44F0 /* InfoPlist.strings */ = {
			isa = PBXVariantGroup;
			children = (
				0D3DC2EF185F286600FC44F0 /* en */,
			);
			name = InfoPlist.strings;
			sourceTree = "<group>";
		};
		0D3DC2F7185F286600FC44F0 /* Main.storyboard */ = {
			isa = PBXVariantGroup;
			children = (
				0D3DC2F8185F286600FC44F0 /* Base */,
			);
			name = Main.storyboard;
			sourceTree = "<group>";
		};
		0D3DC30D185F286600FC44F0 /* InfoPlist.strings */ = {
			isa = PBXVariantGroup;
			children = (
				0D3DC30E185F286600FC44F0 /* en */,
			);
			name = InfoPlist.strings;
			sourceTree = "<group>";
		};
/* End PBXVariantGroup section */

/* Begin XCBuildConfiguration section */
		0D3DC312185F286600FC44F0 /* Debug */ = {
			isa = XCBuildConfiguration;
			buildSettings = {
				ALWAYS_SEARCH_USER_PATHS = NO;
				ARCHS = "$(ARCHS_STANDARD_INCLUDING_64_BIT)";
				CLANG_CXX_LANGUAGE_STANDARD = "gnu++0x";
				CLANG_CXX_LIBRARY = "libc++";
				CLANG_ENABLE_MODULES = YES;
				CLANG_ENABLE_OBJC_ARC = YES;
				CLANG_WARN_BOOL_CONVERSION = YES;
				CLANG_WARN_CONSTANT_CONVERSION = YES;
				CLANG_WARN_DIRECT_OBJC_ISA_USAGE = YES_ERROR;
				CLANG_WARN_EMPTY_BODY = YES;
				CLANG_WARN_ENUM_CONVERSION = YES;
				CLANG_WARN_INT_CONVERSION = YES;
				CLANG_WARN_OBJC_ROOT_CLASS = YES_ERROR;
				CLANG_WARN__DUPLICATE_METHOD_MATCH = YES;
				"CODE_SIGN_IDENTITY[sdk=iphoneos*]" = "iPhone Developer";
				COPY_PHASE_STRIP = NO;
				GCC_C_LANGUAGE_STANDARD = gnu99;
				GCC_DYNAMIC_NO_PIC = NO;
				GCC_OPTIMIZATION_LEVEL = 0;
				GCC_PREPROCESSOR_DEFINITIONS = (
					"DEBUG=1",
					"$(inherited)",
				);
				GCC_SYMBOLS_PRIVATE_EXTERN = NO;
				GCC_WARN_64_TO_32_BIT_CONVERSION = YES;
				GCC_WARN_ABOUT_RETURN_TYPE = YES_ERROR;
				GCC_WARN_UNDECLARED_SELECTOR = YES;
				GCC_WARN_UNINITIALIZED_AUTOS = YES;
				GCC_WARN_UNUSED_FUNCTION = YES;
				GCC_WARN_UNUSED_VARIABLE = YES;
				IPHONEOS_DEPLOYMENT_TARGET = 7.0;
				ONLY_ACTIVE_ARCH = YES;
				SDKROOT = iphoneos;
			};
			name = Debug;
		};
		0D3DC313185F286600FC44F0 /* Release */ = {
			isa = XCBuildConfiguration;
			buildSettings = {
				ALWAYS_SEARCH_USER_PATHS = NO;
				ARCHS = "$(ARCHS_STANDARD_INCLUDING_64_BIT)";
				CLANG_CXX_LANGUAGE_STANDARD = "gnu++0x";
				CLANG_CXX_LIBRARY = "libc++";
				CLANG_ENABLE_MODULES = YES;
				CLANG_ENABLE_OBJC_ARC = YES;
				CLANG_WARN_BOOL_CONVERSION = YES;
				CLANG_WARN_CONSTANT_CONVERSION = YES;
				CLANG_WARN_DIRECT_OBJC_ISA_USAGE = YES_ERROR;
				CLANG_WARN_EMPTY_BODY = YES;
				CLANG_WARN_ENUM_CONVERSION = YES;
				CLANG_WARN_INT_CONVERSION = YES;
				CLANG_WARN_OBJC_ROOT_CLASS = YES_ERROR;
				CLANG_WARN__DUPLICATE_METHOD_MATCH = YES;
				"CODE_SIGN_IDENTITY[sdk=iphoneos*]" = "iPhone Developer";
				COPY_PHASE_STRIP = YES;
				ENABLE_NS_ASSERTIONS = NO;
				GCC_C_LANGUAGE_STANDARD = gnu99;
				GCC_WARN_64_TO_32_BIT_CONVERSION = YES;
				GCC_WARN_ABOUT_RETURN_TYPE = YES_ERROR;
				GCC_WARN_UNDECLARED_SELECTOR = YES;
				GCC_WARN_UNINITIALIZED_AUTOS = YES;
				GCC_WARN_UNUSED_FUNCTION = YES;
				GCC_WARN_UNUSED_VARIABLE = YES;
				IPHONEOS_DEPLOYMENT_TARGET = 7.0;
				SDKROOT = iphoneos;
				VALIDATE_PRODUCT = YES;
			};
			name = Release;
		};
		0D3DC315185F286600FC44F0 /* Debug */ = {
			isa = XCBuildConfiguration;
			buildSettings = {
				ASSETCATALOG_COMPILER_APPICON_NAME = AppIcon;
				ASSETCATALOG_COMPILER_LAUNCHIMAGE_NAME = LaunchImage;
				GCC_PRECOMPILE_PREFIX_HEADER = YES;
				GCC_PREFIX_HEADER = "MapClusterFMI/MapClusterFMI-Prefix.pch";
				INFOPLIST_FILE = "MapClusterFMI/MapClusterFMI-Info.plist";
				PRODUCT_NAME = "$(TARGET_NAME)";
				PROVISIONING_PROFILE = "E1614D4B-6063-402F-8831-04CC5250BEFB";
				WRAPPER_EXTENSION = app;
			};
			name = Debug;
		};
		0D3DC316185F286600FC44F0 /* Release */ = {
			isa = XCBuildConfiguration;
			buildSettings = {
				ASSETCATALOG_COMPILER_APPICON_NAME = AppIcon;
				ASSETCATALOG_COMPILER_LAUNCHIMAGE_NAME = LaunchImage;
				GCC_PRECOMPILE_PREFIX_HEADER = YES;
				GCC_PREFIX_HEADER = "MapClusterFMI/MapClusterFMI-Prefix.pch";
				INFOPLIST_FILE = "MapClusterFMI/MapClusterFMI-Info.plist";
				PRODUCT_NAME = "$(TARGET_NAME)";
				PROVISIONING_PROFILE = "B7279834-FEF2-4145-8318-DE07E75A5C9D";
				WRAPPER_EXTENSION = app;
			};
			name = Release;
		};
		0D3DC318185F286600FC44F0 /* Debug */ = {
			isa = XCBuildConfiguration;
			buildSettings = {
				ARCHS = "$(ARCHS_STANDARD_INCLUDING_64_BIT)";
				BUNDLE_LOADER = "$(BUILT_PRODUCTS_DIR)/MapClusterFMI.app/MapClusterFMI";
				FRAMEWORK_SEARCH_PATHS = (
					"$(SDKROOT)/Developer/Library/Frameworks",
					"$(inherited)",
					"$(DEVELOPER_FRAMEWORKS_DIR)",
				);
				GCC_PRECOMPILE_PREFIX_HEADER = YES;
				GCC_PREFIX_HEADER = "MapClusterFMI/MapClusterFMI-Prefix.pch";
				GCC_PREPROCESSOR_DEFINITIONS = (
					"DEBUG=1",
					"$(inherited)",
				);
				INFOPLIST_FILE = "MapClusterFMITests/MapClusterFMITests-Info.plist";
				PRODUCT_NAME = "$(TARGET_NAME)";
				TEST_HOST = "$(BUNDLE_LOADER)";
				WRAPPER_EXTENSION = xctest;
			};
			name = Debug;
		};
		0D3DC319185F286600FC44F0 /* Release */ = {
			isa = XCBuildConfiguration;
			buildSettings = {
				ARCHS = "$(ARCHS_STANDARD_INCLUDING_64_BIT)";
				BUNDLE_LOADER = "$(BUILT_PRODUCTS_DIR)/MapClusterFMI.app/MapClusterFMI";
				FRAMEWORK_SEARCH_PATHS = (
					"$(SDKROOT)/Developer/Library/Frameworks",
					"$(inherited)",
					"$(DEVELOPER_FRAMEWORKS_DIR)",
				);
				GCC_PRECOMPILE_PREFIX_HEADER = YES;
				GCC_PREFIX_HEADER = "MapClusterFMI/MapClusterFMI-Prefix.pch";
				INFOPLIST_FILE = "MapClusterFMITests/MapClusterFMITests-Info.plist";
				PRODUCT_NAME = "$(TARGET_NAME)";
				TEST_HOST = "$(BUNDLE_LOADER)";
				WRAPPER_EXTENSION = xctest;
			};
			name = Release;
		};
/* End XCBuildConfiguration section */

/* Begin XCConfigurationList section */
		0D3DC2DD185F286600FC44F0 /* Build configuration list for PBXProject "MapClusterFMI" */ = {
			isa = XCConfigurationList;
			buildConfigurations = (
				0D3DC312185F286600FC44F0 /* Debug */,
				0D3DC313185F286600FC44F0 /* Release */,
			);
			defaultConfigurationIsVisible = 0;
			defaultConfigurationName = Release;
		};
		0D3DC314185F286600FC44F0 /* Build configuration list for PBXNativeTarget "MapClusterFMI" */ = {
			isa = XCConfigurationList;
			buildConfigurations = (
				0D3DC315185F286600FC44F0 /* Debug */,
				0D3DC316185F286600FC44F0 /* Release */,
			);
			defaultConfigurationIsVisible = 0;
			defaultConfigurationName = Release;
		};
		0D3DC317185F286600FC44F0 /* Build configuration list for PBXNativeTarget "MapClusterFMITests" */ = {
			isa = XCConfigurationList;
			buildConfigurations = (
				0D3DC318185F286600FC44F0 /* Debug */,
				0D3DC319185F286600FC44F0 /* Release */,
			);
			defaultConfigurationIsVisible = 0;
			defaultConfigurationName = Release;
		};
/* End XCConfigurationList section */

/* Begin XCVersionGroup section */
		0D4F2CCF186F00EC0011B656 /* FindThemModel.xcdatamodeld */ = {
			isa = XCVersionGroup;
			children = (
				0D4F2CD0186F00EC0011B656 /* FindThemModel.xcdatamodel */,
			);
			currentVersion = 0D4F2CD0186F00EC0011B656 /* FindThemModel.xcdatamodel */;
			path = FindThemModel.xcdatamodeld;
			sourceTree = "<group>";
			versionGroupType = wrapper.xcdatamodel;
		};
/* End XCVersionGroup section */
	};
	rootObject = 0D3DC2DA185F286600FC44F0 /* Project object */;
}
